
Microsoft Visual Studio Solution File, Format Version 12.00
# Visual Studio Version 17
VisualStudioVersion = 17.14.36221.1
MinimumVisualStudioVersion = 10.0.40219.1
Project("{FAE04EC0-301F-11D3-BF4B-00C04F79EFBC}") = "shopping.client", "shopping.client\shopping.client.csproj", "{BED892B4-5293-49A4-BE14-14E528741732}"
EndProject
Global
	GlobalSection(SolutionConfigurationPlatforms) = preSolution
		Debug|Any CPU = Debug|Any CPU
		Release|Any CPU = Release|Any CPU
	EndGlobalSection
	GlobalSection(ProjectConfigurationPlatforms) = postSolution
		{BED892B4-5293-49A4-BE14-14E528741732}.Debug|Any CPU.ActiveCfg = Debug|Any CPU
		{BED892B4-5293-49A4-BE14-14E528741732}.Debug|Any CPU.Build.0 = Debug|Any CPU
		{BED892B4-5293-49A4-BE14-14E528741732}.Release|Any CPU.ActiveCfg = Release|Any CPU
		{BED892B4-5293-49A4-BE14-14E528741732}.Release|Any CPU.Build.0 = Release|Any CPU
	EndGlobalSection
	GlobalSection(SolutionProperties) = preSolution
		HideSolutionNode = FALSE
	EndGlobalSection
	GlobalSection(ExtensibilityGlobals) = postSolution
		SolutionGuid = {1D5F9760-9AB7-4E3E-AB61-368E45F61138}
	EndGlobalSection
EndGlobal
